
Microsoft Visual Studio Solution File, Format Version 12.00
# Visual Studio 15
VisualStudioVersion = 15.0.27703.2018
MinimumVisualStudioVersion = 10.0.40219.1
Project("{8BC9CEB8-8B4A-11D0-8D11-00A0C91BC942}") = "sandboxgame", "sandboxgame\sandboxgame.vcxproj", "{3666A864-A34F-4379-9BFE-4CAB968559AE}"
EndProject
Global
	GlobalSection(SolutionConfigurationPlatforms) = preSolution
		Debug|x64 = Debug|x64
		Debug|x86 = Debug|x86
		Release|x64 = Release|x64
		Release|x86 = Release|x86
	EndGlobalSection
	GlobalSection(ProjectConfigurationPlatforms) = postSolution
		{3666A864-A34F-4379-9BFE-4CAB968559AE}.Debug|x64.ActiveCfg = Debug|x64
		{3666A864-A34F-4379-9BFE-4CAB968559AE}.Debug|x64.Build.0 = Debug|x64
		{3666A864-A34F-4379-9BFE-4CAB968559AE}.Debug|x86.ActiveCfg = Debug|Win32
		{3666A864-A34F-4379-9BFE-4CAB968559AE}.Debug|x86.Build.0 = Debug|Win32
		{3666A864-A34F-4379-9BFE-4CAB968559AE}.Release|x64.ActiveCfg = Release|x64
		{3666A864-A34F-4379-9BFE-4CAB968559AE}.Release|x64.Build.0 = Release|x64
		{3666A864-A34F-4379-9BFE-4CAB968559AE}.Release|x86.ActiveCfg = Release|Win32
		{3666A864-A34F-4379-9BFE-4CAB968559AE}.Release|x86.Build.0 = Release|Win32
	EndGlobalSection
	GlobalSection(SolutionProperties) = preSolution
		HideSolutionNode = FALSE
	EndGlobalSection
	GlobalSection(ExtensibilityGlobals) = postSolution
		SolutionGuid = {F28FF9CB-2C11-4A01-A3E1-383B0869FE22}
	EndGlobalSection
EndGlobal
